
Microsoft Visual Studio Solution File, Format Version 12.00
# Visual Studio Version 17
VisualStudioVersion = 17.3.32901.215
MinimumVisualStudioVersion = 10.0.40219.1
Project("{FAE04EC0-301F-11D3-BF4B-00C04F79EFBC}") = "01_ConfigurandoEfCore_Consola", "01_ConfigurandoEfCore_Consola\01_ConfigurandoEfCore_Consola.csproj", "{8E5CA1E5-BD99-4A00-920A-A91DD336A4C0}"
EndProject
Global
	GlobalSection(SolutionConfigurationPlatforms) = preSolution
		Debug|Any CPU = Debug|Any CPU
		Release|Any CPU = Release|Any CPU
	EndGlobalSection
	GlobalSection(ProjectConfigurationPlatforms) = postSolution
		{8E5CA1E5-BD99-4A00-920A-A91DD336A4C0}.Debug|Any CPU.ActiveCfg = Debug|Any CPU
		{8E5CA1E5-BD99-4A00-920A-A91DD336A4C0}.Debug|Any CPU.Build.0 = Debug|Any CPU
		{8E5CA1E5-BD99-4A00-920A-A91DD336A4C0}.Release|Any CPU.ActiveCfg = Release|Any CPU
		{8E5CA1E5-BD99-4A00-920A-A91DD336A4C0}.Release|Any CPU.Build.0 = Release|Any CPU
	EndGlobalSection
	GlobalSection(SolutionProperties) = preSolution
		HideSolutionNode = FALSE
	EndGlobalSection
	GlobalSection(ExtensibilityGlobals) = postSolution
		SolutionGuid = {D0CBF208-EAFA-47A9-8931-7AA1AFC5B0A8}
	EndGlobalSection
EndGlobal
