
Microsoft Visual Studio Solution File, Format Version 12.00
# Visual Studio Version 17
VisualStudioVersion = 17.3.32901.215
MinimumVisualStudioVersion = 10.0.40219.1
Project("{FAE04EC0-301F-11D3-BF4B-00C04F79EFBC}") = "02_ConfigurandoEFCore_MVC", "02_ConfigurandoEFCore_MVC\02_ConfigurandoEFCore_MVC.csproj", "{45D4CA30-9AF3-48EA-AF9D-C259094F1D46}"
EndProject
Global
	GlobalSection(SolutionConfigurationPlatforms) = preSolution
		Debug|Any CPU = Debug|Any CPU
		Release|Any CPU = Release|Any CPU
	EndGlobalSection
	GlobalSection(ProjectConfigurationPlatforms) = postSolution
		{45D4CA30-9AF3-48EA-AF9D-C259094F1D46}.Debug|Any CPU.ActiveCfg = Debug|Any CPU
		{45D4CA30-9AF3-48EA-AF9D-C259094F1D46}.Debug|Any CPU.Build.0 = Debug|Any CPU
		{45D4CA30-9AF3-48EA-AF9D-C259094F1D46}.Release|Any CPU.ActiveCfg = Release|Any CPU
		{45D4CA30-9AF3-48EA-AF9D-C259094F1D46}.Release|Any CPU.Build.0 = Release|Any CPU
	EndGlobalSection
	GlobalSection(SolutionProperties) = preSolution
		HideSolutionNode = FALSE
	EndGlobalSection
	GlobalSection(ExtensibilityGlobals) = postSolution
		SolutionGuid = {DF959EF8-BC48-4CE8-A776-E047A18F7AE1}
	EndGlobalSection
EndGlobal
