
Microsoft Visual Studio Solution File, Format Version 12.00
# Visual Studio Version 17
VisualStudioVersion = 17.3.32901.215
MinimumVisualStudioVersion = 10.0.40219.1
Project("{FAE04EC0-301F-11D3-BF4B-00C04F79EFBC}") = "EfCorePeliculas", "EfCorePeliculas\EfCorePeliculas.csproj", "{824B990E-4701-4C34-9ED8-40E7BA061DF7}"
EndProject
Global
	GlobalSection(SolutionConfigurationPlatforms) = preSolution
		Debug|Any CPU = Debug|Any CPU
		Release|Any CPU = Release|Any CPU
	EndGlobalSection
	GlobalSection(ProjectConfigurationPlatforms) = postSolution
		{824B990E-4701-4C34-9ED8-40E7BA061DF7}.Debug|Any CPU.ActiveCfg = Debug|Any CPU
		{824B990E-4701-4C34-9ED8-40E7BA061DF7}.Debug|Any CPU.Build.0 = Debug|Any CPU
		{824B990E-4701-4C34-9ED8-40E7BA061DF7}.Release|Any CPU.ActiveCfg = Release|Any CPU
		{824B990E-4701-4C34-9ED8-40E7BA061DF7}.Release|Any CPU.Build.0 = Release|Any CPU
	EndGlobalSection
	GlobalSection(SolutionProperties) = preSolution
		HideSolutionNode = FALSE
	EndGlobalSection
	GlobalSection(ExtensibilityGlobals) = postSolution
		SolutionGuid = {9EE7480E-9CAB-40D2-BC7F-6A8FA69C327B}
	EndGlobalSection
EndGlobal
